
Microsoft Visual Studio Solution File, Format Version 12.00
# Visual Studio Version 16
VisualStudioVersion = 16.0.31911.196
MinimumVisualStudioVersion = 10.0.40219.1
Project("{FAE04EC0-301F-11D3-BF4B-00C04F79EFBC}") = "Module8_Сlear_and_info", "Module8_Сlear_and_info\Module8_Сlear_and_info.csproj", "{B1C63BC7-5902-42AB-9C9D-5735D1AF2159}"
EndProject
Global
	GlobalSection(SolutionConfigurationPlatforms) = preSolution
		Debug|Any CPU = Debug|Any CPU
		Release|Any CPU = Release|Any CPU
	EndGlobalSection
	GlobalSection(ProjectConfigurationPlatforms) = postSolution
		{B1C63BC7-5902-42AB-9C9D-5735D1AF2159}.Debug|Any CPU.ActiveCfg = Debug|Any CPU
		{B1C63BC7-5902-42AB-9C9D-5735D1AF2159}.Debug|Any CPU.Build.0 = Debug|Any CPU
		{B1C63BC7-5902-42AB-9C9D-5735D1AF2159}.Release|Any CPU.ActiveCfg = Release|Any CPU
		{B1C63BC7-5902-42AB-9C9D-5735D1AF2159}.Release|Any CPU.Build.0 = Release|Any CPU
	EndGlobalSection
	GlobalSection(SolutionProperties) = preSolution
		HideSolutionNode = FALSE
	EndGlobalSection
	GlobalSection(ExtensibilityGlobals) = postSolution
		SolutionGuid = {A2367826-36B4-4CEB-9255-8EBCA00D849C}
	EndGlobalSection
EndGlobal
